{
  "name": "prospecto-develop",
  "lockfileVersion": 3,
  "requires": true,
  "packages": {
    "": {
      "dependencies": {
        "iterable": "^5.7.0",
        "jquery.promise": "^2.0.0",
        "moment": "^2.30.1",
        "toastr": "^2.1.4"
      },
      "devDependencies": {
        "@types/jquery": "^3.5.7",
        "@types/moment": "^2.11.29"
      }
    },
    "node_modules/@types/jquery": {
      "version": "3.5.7",
      "resolved": "https://registry.npmjs.org/@types/jquery/-/jquery-3.5.7.tgz",
      "integrity": "sha512-Why+9t1KuqWtIqYKtbk6wgWbE1PjyXJOyGkpmTUh0RX5p4HL7nnRuBkjAO9P2r9tGQP6bLWxl77jRLew3V5xXg==",
      "dev": true,
      "dependencies": {
        "@types/sizzle": "*"
      }
    },
    "node_modules/@types/moment": {
      "version": "2.11.29",
      "resolved": "https://registry.npmjs.org/@types/moment/-/moment-2.11.29.tgz",
      "integrity": "sha512-D5WIgbLYQzvgfsDnBhZFSTnt/BjGPOE+Jsh3k1BYYijJAkrn7ceeLvU4jtjKKXXuXN42O3ARlU4D/P9ezbQYFA==",
      "dev": true,
      "license": "MIT"
    },
    "node_modules/@types/sizzle": {
      "version": "2.3.3",
      "resolved": "https://registry.npmjs.org/@types/sizzle/-/sizzle-2.3.3.tgz",
      "integrity": "sha512-JYM8x9EGF163bEyhdJBpR2QX1R5naCJHC8ucJylJ3w9/CVBaskdQ8WqBf8MmQrd1kRvp/a4TS8HJ+bxzR7ZJYQ==",
      "dev": true
    },
    "node_modules/iterable": {
      "version": "5.7.0",
      "resolved": "https://registry.npmjs.org/iterable/-/iterable-5.7.0.tgz",
      "integrity": "sha512-xLERMG+ha4eAxSkms2iaJbjFW5V2uB8vFZVq6Kh+YwPax29IwMTdOIOoieeXOu6+nV0+xe82i2H346RLvsyigA=="
    },
    "node_modules/jquery": {
      "version": "3.6.0",
      "resolved": "https://registry.npmjs.org/jquery/-/jquery-3.6.0.tgz",
      "integrity": "sha512-JVzAR/AjBvVt2BmYhxRCSYysDsPcssdmTFnzyLEts9qNwmjmu4JTAMYubEfwVOSwpQ1I1sKKFcxhZCI2buerfw=="
    },
    "node_modules/jquery.promise": {
      "version": "2.0.0",
      "resolved": "https://registry.npmjs.org/jquery.promise/-/jquery.promise-2.0.0.tgz",
      "integrity": "sha512-yh+a58mQEp22AewnMk8NN0t3DGjXRnW2DVQPoELoo4CDNpjLiYoAMkGUpwnRUZQ50ucEtetmIOXuLS7KDGP9bw==",
      "dependencies": {
        "jquery": "^1.5.0 || ^2.0.0 || ^3.0.0"
      }
    },
    "node_modules/moment": {
      "version": "2.30.1",
      "resolved": "https://registry.npmjs.org/moment/-/moment-2.30.1.tgz",
      "integrity": "sha512-uEmtNhbDOrWPFS+hdjFCBfy9f2YoyzRpwcl+DqpC6taX21FzsTLQVbMV/W7PzNSX6x/bhC1zA3c2UQ5NzH6how==",
      "license": "MIT",
      "engines": {
        "node": "*"
      }
    },
    "node_modules/toastr": {
      "version": "2.1.4",
      "resolved": "https://registry.npmjs.org/toastr/-/toastr-2.1.4.tgz",
      "integrity": "sha1-i0O+ZPudDEFIcURvLbjoyk6V8YE=",
      "dependencies": {
        "jquery": ">=1.12.0"
      }
    }
  }
}
